{
  "version": 4,
  "terraform_version": "0.12.19",
  "serial": 7,
  "lineage": "491344b3-4949-6f20-2436-6276a1441b32",
  "outputs": {},
  "resources": [
    {
      "mode": "data",
      "type": "aws_availability_zones",
      "name": "available",
      "provider": "provider.aws",
      "instances": [
        {
          "schema_version": 0,
          "attributes": {
            "blacklisted_names": null,
            "blacklisted_zone_ids": null,
            "id": "2020-01-21 16:53:44.3787006 +0000 UTC",
            "names": [
              "us-west-1a",
              "us-west-1c"
            ],
            "state": null,
            "zone_ids": [
              "usw1-az1",
              "usw1-az3"
            ]
          }
        }
      ]
    },
    {
      "mode": "managed",
      "type": "aws_internet_gateway",
      "name": "eks-rapiddeploy-gw",
      "provider": "provider.aws",
      "instances": [
        {
          "schema_version": 0,
          "attributes": {
            "id": "igw-016183681aa5cf13e",
            "owner_id": "146452989591",
            "tags": {
              "Name": "eks-rd-gw"
            },
            "vpc_id": "vpc-007e824bf2b802324"
          },
          "private": "bnVsbA==",
          "dependencies": [
            "aws_vpc.eks-rapiddeploy-vpc"
          ]
        }
      ]
    },
    {
      "mode": "managed",
      "type": "aws_route_table",
      "name": "terraform-eks-rd-routetable",
      "provider": "provider.aws",
      "instances": [
        {
          "schema_version": 0,
          "attributes": {
            "id": "rtb-0721fadb0d9718ecf",
            "owner_id": "146452989591",
            "propagating_vgws": [],
            "route": [
              {
                "cidr_block": "0.0.0.0/0",
                "egress_only_gateway_id": "",
                "gateway_id": "igw-016183681aa5cf13e",
                "instance_id": "",
                "ipv6_cidr_block": "",
                "nat_gateway_id": "",
                "network_interface_id": "",
                "transit_gateway_id": "",
                "vpc_peering_connection_id": ""
              }
            ],
            "tags": null,
            "vpc_id": "vpc-007e824bf2b802324"
          },
          "private": "bnVsbA==",
          "dependencies": [
            "aws_internet_gateway.eks-rapiddeploy-gw",
            "aws_vpc.eks-rapiddeploy-vpc"
          ]
        }
      ]
    },
    {
      "mode": "managed",
      "type": "aws_subnet",
      "name": "eks-rapiddeploy-subnet",
      "each": "list",
      "provider": "provider.aws",
      "instances": [
        {
          "index_key": 0,
          "schema_version": 1,
          "attributes": {
            "arn": "arn:aws:ec2:us-west-1:146452989591:subnet/subnet-08a1dcaa036412b7b",
            "assign_ipv6_address_on_creation": false,
            "availability_zone": "us-west-1a",
            "availability_zone_id": "usw1-az1",
            "cidr_block": "10.0.0.0/24",
            "id": "subnet-08a1dcaa036412b7b",
            "ipv6_cidr_block": "",
            "ipv6_cidr_block_association_id": "",
            "map_public_ip_on_launch": false,
            "owner_id": "146452989591",
            "tags": {
              "Name": "terraform-eks-rd-node",
              "kubernetes.io/cluster/eks-rd": "shared"
            },
            "timeouts": null,
            "vpc_id": "vpc-007e824bf2b802324"
          },
          "private": "eyJlMmJmYjczMC1lY2FhLTExZTYtOGY4OC0zNDM2M2JjN2M0YzAiOnsiY3JlYXRlIjo2MDAwMDAwMDAwMDAsImRlbGV0ZSI6MTIwMDAwMDAwMDAwMH0sInNjaGVtYV92ZXJzaW9uIjoiMSJ9",
          "dependencies": [
            "aws_vpc.eks-rapiddeploy-vpc"
          ]
        },
        {
          "index_key": 1,
          "schema_version": 1,
          "attributes": {
            "arn": "arn:aws:ec2:us-west-1:146452989591:subnet/subnet-0f9b564cefd271d55",
            "assign_ipv6_address_on_creation": false,
            "availability_zone": "us-west-1c",
            "availability_zone_id": "usw1-az3",
            "cidr_block": "10.0.1.0/24",
            "id": "subnet-0f9b564cefd271d55",
            "ipv6_cidr_block": "",
            "ipv6_cidr_block_association_id": "",
            "map_public_ip_on_launch": false,
            "owner_id": "146452989591",
            "tags": {
              "Name": "terraform-eks-rd-node",
              "kubernetes.io/cluster/eks-rd": "shared"
            },
            "timeouts": null,
            "vpc_id": "vpc-007e824bf2b802324"
          },
          "private": "eyJlMmJmYjczMC1lY2FhLTExZTYtOGY4OC0zNDM2M2JjN2M0YzAiOnsiY3JlYXRlIjo2MDAwMDAwMDAwMDAsImRlbGV0ZSI6MTIwMDAwMDAwMDAwMH0sInNjaGVtYV92ZXJzaW9uIjoiMSJ9",
          "dependencies": [
            "aws_vpc.eks-rapiddeploy-vpc"
          ]
        }
      ]
    },
    {
      "mode": "managed",
      "type": "aws_vpc",
      "name": "eks-rapiddeploy-vpc",
      "provider": "provider.aws",
      "instances": [
        {
          "schema_version": 1,
          "attributes": {
            "arn": "arn:aws:ec2:us-west-1:146452989591:vpc/vpc-007e824bf2b802324",
            "assign_generated_ipv6_cidr_block": false,
            "cidr_block": "10.0.0.0/16",
            "default_network_acl_id": "acl-082b7ddae5e71655d",
            "default_route_table_id": "rtb-0bdbcc06338ced3ef",
            "default_security_group_id": "sg-0a9a09527c7ac6266",
            "dhcp_options_id": "dopt-d00228b5",
            "enable_classiclink": false,
            "enable_classiclink_dns_support": false,
            "enable_dns_hostnames": false,
            "enable_dns_support": true,
            "id": "vpc-007e824bf2b802324",
            "instance_tenancy": "default",
            "ipv6_association_id": "",
            "ipv6_cidr_block": "",
            "main_route_table_id": "rtb-0bdbcc06338ced3ef",
            "owner_id": "146452989591",
            "tags": {
              "Name": "terraform-eks-rd-node",
              "kubernetes.io/cluster/eks-rd": "shared"
            }
          },
          "private": "eyJzY2hlbWFfdmVyc2lvbiI6IjEifQ=="
        }
      ]
    }
  ]
}
